
Microsoft Visual Studio Solution File, Format Version 12.00
# Visual Studio Version 17
VisualStudioVersion = 17.5.33414.496
MinimumVisualStudioVersion = 10.0.40219.1
Project("{FAE04EC0-301F-11D3-BF4B-00C04F79EFBC}") = "GasolinaAlcool", "GasolinaAlcool\GasolinaAlcool.csproj", "{B553E387-A2FE-41EE-B736-C30F376C3123}"
EndProject
Global
	GlobalSection(SolutionConfigurationPlatforms) = preSolution
		Debug|Any CPU = Debug|Any CPU
		Release|Any CPU = Release|Any CPU
	EndGlobalSection
	GlobalSection(ProjectConfigurationPlatforms) = postSolution
		{B553E387-A2FE-41EE-B736-C30F376C3123}.Debug|Any CPU.ActiveCfg = Debug|Any CPU
		{B553E387-A2FE-41EE-B736-C30F376C3123}.Debug|Any CPU.Build.0 = Debug|Any CPU
		{B553E387-A2FE-41EE-B736-C30F376C3123}.Release|Any CPU.ActiveCfg = Release|Any CPU
		{B553E387-A2FE-41EE-B736-C30F376C3123}.Release|Any CPU.Build.0 = Release|Any CPU
	EndGlobalSection
	GlobalSection(SolutionProperties) = preSolution
		HideSolutionNode = FALSE
	EndGlobalSection
	GlobalSection(ExtensibilityGlobals) = postSolution
		SolutionGuid = {10BF0762-8056-4241-8854-04D2F4D6762C}
	EndGlobalSection
EndGlobal
